
Microsoft Visual Studio Solution File, Format Version 12.00
# Visual Studio 15
VisualStudioVersion = 15.0.28307.572
MinimumVisualStudioVersion = 10.0.40219.1
Project("{8BC9CEB8-8B4A-11D0-8D11-00A0C91BC942}") = "workspace", "workspace\workspace.vcxproj", "{762436A8-3B96-4190-B8CB-813F0F434503}"
EndProject
Global
	GlobalSection(SolutionConfigurationPlatforms) = preSolution
		Debug|x64 = Debug|x64
		Debug|x86 = Debug|x86
		Release|x64 = Release|x64
		Release|x86 = Release|x86
	EndGlobalSection
	GlobalSection(ProjectConfigurationPlatforms) = postSolution
		{762436A8-3B96-4190-B8CB-813F0F434503}.Debug|x64.ActiveCfg = Debug|x64
		{762436A8-3B96-4190-B8CB-813F0F434503}.Debug|x64.Build.0 = Debug|x64
		{762436A8-3B96-4190-B8CB-813F0F434503}.Debug|x86.ActiveCfg = Debug|Win32
		{762436A8-3B96-4190-B8CB-813F0F434503}.Debug|x86.Build.0 = Debug|Win32
		{762436A8-3B96-4190-B8CB-813F0F434503}.Release|x64.ActiveCfg = Release|x64
		{762436A8-3B96-4190-B8CB-813F0F434503}.Release|x64.Build.0 = Release|x64
		{762436A8-3B96-4190-B8CB-813F0F434503}.Release|x86.ActiveCfg = Release|Win32
		{762436A8-3B96-4190-B8CB-813F0F434503}.Release|x86.Build.0 = Release|Win32
	EndGlobalSection
	GlobalSection(SolutionProperties) = preSolution
		HideSolutionNode = FALSE
	EndGlobalSection
	GlobalSection(ExtensibilityGlobals) = postSolution
		SolutionGuid = {5CDB17E6-BBDE-4E30-BA9A-C2249D4A5073}
	EndGlobalSection
EndGlobal
